
Microsoft Visual Studio Solution File, Format Version 12.00
# Visual Studio 2017
Project("{FAE04EC0-301F-11D3-BF4B-00C04F79EFBC}") = "HololensGestureProject", "HololensGestureProject.csproj", "{5CA8E9BE-51F4-4EA8-168C-A54FE24813A9}"
EndProject
Project("{FAE04EC0-301F-11D3-BF4B-00C04F79EFBC}") = "HololensGestureProject.Editor", "HololensGestureProject.Editor.csproj", "{88BF8E60-6F61-14E5-D666-03F17AEB87B3}"
EndProject
Global
	GlobalSection(SolutionConfigurationPlatforms) = preSolution
		Debug|Any CPU = Debug|Any CPU
		Release|Any CPU = Release|Any CPU
	EndGlobalSection
	GlobalSection(ProjectConfigurationPlatforms) = postSolution
		{5CA8E9BE-51F4-4EA8-168C-A54FE24813A9}.Debug|Any CPU.ActiveCfg = Debug|Any CPU
		{5CA8E9BE-51F4-4EA8-168C-A54FE24813A9}.Debug|Any CPU.Build.0 = Debug|Any CPU
		{5CA8E9BE-51F4-4EA8-168C-A54FE24813A9}.Release|Any CPU.ActiveCfg = Release|Any CPU
		{5CA8E9BE-51F4-4EA8-168C-A54FE24813A9}.Release|Any CPU.Build.0 = Release|Any CPU
		{88BF8E60-6F61-14E5-D666-03F17AEB87B3}.Debug|Any CPU.ActiveCfg = Debug|Any CPU
		{88BF8E60-6F61-14E5-D666-03F17AEB87B3}.Debug|Any CPU.Build.0 = Debug|Any CPU
		{88BF8E60-6F61-14E5-D666-03F17AEB87B3}.Release|Any CPU.ActiveCfg = Release|Any CPU
		{88BF8E60-6F61-14E5-D666-03F17AEB87B3}.Release|Any CPU.Build.0 = Release|Any CPU
	EndGlobalSection
	GlobalSection(SolutionProperties) = preSolution
		HideSolutionNode = FALSE
	EndGlobalSection
EndGlobal
